# This file was autogenerated by uv via the following command:
#    uv pip compile requirements.in -o requirements.lock
beautifulsoup4==4.14.3
    # via
    #   markdownify
    #   markitdown
certifi==2026.5.20
    # via requests
cffi==2.0.0
    # via cryptography
chardet==7.4.3
    # via reportlab
charset-normalizer==3.4.7
    # via
    #   markitdown
    #   pdfminer-six
    #   requests
click==8.4.1
    # via magika
cryptography==48.0.0
    # via pdfminer-six
defusedxml==0.7.1
    # via
    #   -r requirements.in
    #   markitdown
et-xmlfile==2.0.0
    # via openpyxl
flatbuffers==25.12.19
    # via onnxruntime
idna==3.17
    # via requests
lxml==5.3.0
    # via
    #   -r requirements.in
    #   python-pptx
magika==0.6.3
    # via markitdown
markdownify==1.2.2
    # via markitdown
markitdown==0.1.2
    # via -r requirements.in
numpy==2.4.6
    # via
    #   magika
    #   onnxruntime
    #   pandas
onnxruntime==1.26.0
    # via magika
openpyxl==3.1.5
    # via -r requirements.in
packaging==26.2
    # via
    #   onnxruntime
    #   pytesseract
pandas==2.2.3
    # via -r requirements.in
pdf2image==1.17.0
    # via -r requirements.in
pdfminer-six==20231228
    # via pdfplumber
pdfplumber==0.11.4
    # via -r requirements.in
pillow==11.0.0
    # via
    #   -r requirements.in
    #   pdf2image
    #   pdfplumber
    #   pytesseract
    #   python-pptx
    #   reportlab
protobuf==7.35.0
    # via onnxruntime
pycparser==3.0
    # via cffi
pypdf==5.1.0
    # via -r requirements.in
pypdfium2==5.8.0
    # via pdfplumber
pytesseract==0.3.13
    # via -r requirements.in
python-dateutil==2.9.0.post0
    # via pandas
python-dotenv==1.2.2
    # via magika
python-pptx==1.0.2
    # via markitdown
pytz==2026.2
    # via pandas
pyyaml==6.0.2
    # via -r requirements.in
reportlab==4.2.5
    # via -r requirements.in
requests==2.34.2
    # via markitdown
six==1.17.0
    # via
    #   markdownify
    #   python-dateutil
soupsieve==2.8.4
    # via beautifulsoup4
typing-extensions==4.15.0
    # via
    #   beautifulsoup4
    #   python-pptx
tzdata==2026.2
    # via pandas
urllib3==2.7.0
    # via requests
xlsxwriter==3.2.9
    # via python-pptx
